
Microsoft Visual Studio Solution File, Format Version 12.00
# Visual Studio 2017
Project("{FAE04EC0-301F-11D3-BF4B-00C04F79EFBC}") = "train-transporter-3d", "train-transporter-3d.csproj", "{B8D1E971-3513-995A-BBA9-B306E7014477}"
EndProject
Project("{FAE04EC0-301F-11D3-BF4B-00C04F79EFBC}") = "train-transporter-3d.Editor", "train-transporter-3d.Editor.csproj", "{3AEE06D4-4771-26AC-CB37-CEF07ED4165C}"
EndProject
Global
	GlobalSection(SolutionConfigurationPlatforms) = preSolution
		Debug|Any CPU = Debug|Any CPU
		Release|Any CPU = Release|Any CPU
	EndGlobalSection
	GlobalSection(ProjectConfigurationPlatforms) = postSolution
		{B8D1E971-3513-995A-BBA9-B306E7014477}.Debug|Any CPU.ActiveCfg = Debug|Any CPU
		{B8D1E971-3513-995A-BBA9-B306E7014477}.Debug|Any CPU.Build.0 = Debug|Any CPU
		{B8D1E971-3513-995A-BBA9-B306E7014477}.Release|Any CPU.ActiveCfg = Release|Any CPU
		{B8D1E971-3513-995A-BBA9-B306E7014477}.Release|Any CPU.Build.0 = Release|Any CPU
		{3AEE06D4-4771-26AC-CB37-CEF07ED4165C}.Debug|Any CPU.ActiveCfg = Debug|Any CPU
		{3AEE06D4-4771-26AC-CB37-CEF07ED4165C}.Debug|Any CPU.Build.0 = Debug|Any CPU
		{3AEE06D4-4771-26AC-CB37-CEF07ED4165C}.Release|Any CPU.ActiveCfg = Release|Any CPU
		{3AEE06D4-4771-26AC-CB37-CEF07ED4165C}.Release|Any CPU.Build.0 = Release|Any CPU
	EndGlobalSection
	GlobalSection(SolutionProperties) = preSolution
		HideSolutionNode = FALSE
	EndGlobalSection
EndGlobal
